
Microsoft Visual Studio Solution File, Format Version 12.00
# Visual Studio Version 16
VisualStudioVersion = 16.0.29613.14
MinimumVisualStudioVersion = 10.0.40219.1
Project("{888888A0-9F3D-457C-B088-3A5042F75D52}") = "MachineLearningProject", "MachineLearningProject\MachineLearningProject.pyproj", "{8E093211-7EA7-4C20-99C8-CC66E21BA72C}"
EndProject
Global
	GlobalSection(SolutionConfigurationPlatforms) = preSolution
		Debug|Any CPU = Debug|Any CPU
		Release|Any CPU = Release|Any CPU
	EndGlobalSection
	GlobalSection(ProjectConfigurationPlatforms) = postSolution
		{8E093211-7EA7-4C20-99C8-CC66E21BA72C}.Debug|Any CPU.ActiveCfg = Debug|Any CPU
		{8E093211-7EA7-4C20-99C8-CC66E21BA72C}.Release|Any CPU.ActiveCfg = Release|Any CPU
	EndGlobalSection
	GlobalSection(SolutionProperties) = preSolution
		HideSolutionNode = FALSE
	EndGlobalSection
	GlobalSection(ExtensibilityGlobals) = postSolution
		SolutionGuid = {0C5A4584-A7E1-45CF-A748-B1752719014F}
	EndGlobalSection
EndGlobal
